
Microsoft Visual Studio Solution File, Format Version 12.00
# Visual Studio Version 16
VisualStudioVersion = 16.0.33130.400
MinimumVisualStudioVersion = 10.0.40219.1
Project("{FAE04EC0-301F-11D3-BF4B-00C04F79EFBC}") = "Mission9", "Mission9\Mission9.csproj", "{1DCF551C-3BBA-46A1-9D23-86D362919C79}"
EndProject
Global
	GlobalSection(SolutionConfigurationPlatforms) = preSolution
		Debug|Any CPU = Debug|Any CPU
		Release|Any CPU = Release|Any CPU
	EndGlobalSection
	GlobalSection(ProjectConfigurationPlatforms) = postSolution
		{1DCF551C-3BBA-46A1-9D23-86D362919C79}.Debug|Any CPU.ActiveCfg = Debug|Any CPU
		{1DCF551C-3BBA-46A1-9D23-86D362919C79}.Debug|Any CPU.Build.0 = Debug|Any CPU
		{1DCF551C-3BBA-46A1-9D23-86D362919C79}.Release|Any CPU.ActiveCfg = Release|Any CPU
		{1DCF551C-3BBA-46A1-9D23-86D362919C79}.Release|Any CPU.Build.0 = Release|Any CPU
	EndGlobalSection
	GlobalSection(SolutionProperties) = preSolution
		HideSolutionNode = FALSE
	EndGlobalSection
	GlobalSection(ExtensibilityGlobals) = postSolution
		SolutionGuid = {BF768B69-05B3-491A-ADC7-7635B5207389}
	EndGlobalSection
EndGlobal
